
Microsoft Visual Studio Solution File, Format Version 12.00
Project("{FAE04EC0-301F-11D3-BF4B-00C04F79EFBC}") = "FloodFill_733", "FloodFill_733\FloodFill_733.csproj", "{8152B57A-E668-4149-A133-5823747F2ABC}"
EndProject
Project("{FAE04EC0-301F-11D3-BF4B-00C04F79EFBC}") = "NumberOfIslansTests", "NumberOfIslansTests\NumberOfIslansTests.csproj", "{E43E3308-08A5-4D80-8CC1-15819F9FDDBF}"
EndProject
Project("{FAE04EC0-301F-11D3-BF4B-00C04F79EFBC}") = "Distance", "Distance\Distance.csproj", "{72DA83F7-9F52-4196-87AE-A943408B6765}"
EndProject
Project("{FAE04EC0-301F-11D3-BF4B-00C04F79EFBC}") = "DistanceTestds", "DistanceTestds\DistanceTestds.csproj", "{B3F47691-30CE-4658-B861-2E3E711DF99A}"
EndProject
Project("{FAE04EC0-301F-11D3-BF4B-00C04F79EFBC}") = "Directions", "Directions\Directions.csproj", "{FB46E994-1EE7-474A-8C15-8958B650B902}"
EndProject
Project("{FAE04EC0-301F-11D3-BF4B-00C04F79EFBC}") = "DirectionsTests", "DirectionsTests\DirectionsTests.csproj", "{BE22A50E-F19F-4E69-A8B5-D48D26D7A6A8}"
EndProject
Project("{FAE04EC0-301F-11D3-BF4B-00C04F79EFBC}") = "Connections", "Connections\Connections.csproj", "{DD5FCBCF-A00A-44E3-B767-309B496E98D1}"
EndProject
Project("{FAE04EC0-301F-11D3-BF4B-00C04F79EFBC}") = "ConnectionsTests", "ConnectionsTests\ConnectionsTests.csproj", "{E8C47929-0229-4A5F-9E28-4F12763F663B}"
EndProject
Global
	GlobalSection(SolutionConfigurationPlatforms) = preSolution
		Debug|Any CPU = Debug|Any CPU
		Release|Any CPU = Release|Any CPU
	EndGlobalSection
	GlobalSection(ProjectConfigurationPlatforms) = postSolution
		{8152B57A-E668-4149-A133-5823747F2ABC}.Debug|Any CPU.ActiveCfg = Debug|Any CPU
		{8152B57A-E668-4149-A133-5823747F2ABC}.Debug|Any CPU.Build.0 = Debug|Any CPU
		{8152B57A-E668-4149-A133-5823747F2ABC}.Release|Any CPU.ActiveCfg = Release|Any CPU
		{8152B57A-E668-4149-A133-5823747F2ABC}.Release|Any CPU.Build.0 = Release|Any CPU
		{E43E3308-08A5-4D80-8CC1-15819F9FDDBF}.Debug|Any CPU.ActiveCfg = Debug|Any CPU
		{E43E3308-08A5-4D80-8CC1-15819F9FDDBF}.Debug|Any CPU.Build.0 = Debug|Any CPU
		{E43E3308-08A5-4D80-8CC1-15819F9FDDBF}.Release|Any CPU.ActiveCfg = Release|Any CPU
		{E43E3308-08A5-4D80-8CC1-15819F9FDDBF}.Release|Any CPU.Build.0 = Release|Any CPU
		{72DA83F7-9F52-4196-87AE-A943408B6765}.Debug|Any CPU.ActiveCfg = Debug|Any CPU
		{72DA83F7-9F52-4196-87AE-A943408B6765}.Debug|Any CPU.Build.0 = Debug|Any CPU
		{72DA83F7-9F52-4196-87AE-A943408B6765}.Release|Any CPU.ActiveCfg = Release|Any CPU
		{72DA83F7-9F52-4196-87AE-A943408B6765}.Release|Any CPU.Build.0 = Release|Any CPU
		{B3F47691-30CE-4658-B861-2E3E711DF99A}.Debug|Any CPU.ActiveCfg = Debug|Any CPU
		{B3F47691-30CE-4658-B861-2E3E711DF99A}.Debug|Any CPU.Build.0 = Debug|Any CPU
		{B3F47691-30CE-4658-B861-2E3E711DF99A}.Release|Any CPU.ActiveCfg = Release|Any CPU
		{B3F47691-30CE-4658-B861-2E3E711DF99A}.Release|Any CPU.Build.0 = Release|Any CPU
		{FB46E994-1EE7-474A-8C15-8958B650B902}.Debug|Any CPU.ActiveCfg = Debug|Any CPU
		{FB46E994-1EE7-474A-8C15-8958B650B902}.Debug|Any CPU.Build.0 = Debug|Any CPU
		{FB46E994-1EE7-474A-8C15-8958B650B902}.Release|Any CPU.ActiveCfg = Release|Any CPU
		{FB46E994-1EE7-474A-8C15-8958B650B902}.Release|Any CPU.Build.0 = Release|Any CPU
		{BE22A50E-F19F-4E69-A8B5-D48D26D7A6A8}.Debug|Any CPU.ActiveCfg = Debug|Any CPU
		{BE22A50E-F19F-4E69-A8B5-D48D26D7A6A8}.Debug|Any CPU.Build.0 = Debug|Any CPU
		{BE22A50E-F19F-4E69-A8B5-D48D26D7A6A8}.Release|Any CPU.ActiveCfg = Release|Any CPU
		{BE22A50E-F19F-4E69-A8B5-D48D26D7A6A8}.Release|Any CPU.Build.0 = Release|Any CPU
		{DD5FCBCF-A00A-44E3-B767-309B496E98D1}.Debug|Any CPU.ActiveCfg = Debug|Any CPU
		{DD5FCBCF-A00A-44E3-B767-309B496E98D1}.Debug|Any CPU.Build.0 = Debug|Any CPU
		{DD5FCBCF-A00A-44E3-B767-309B496E98D1}.Release|Any CPU.ActiveCfg = Release|Any CPU
		{DD5FCBCF-A00A-44E3-B767-309B496E98D1}.Release|Any CPU.Build.0 = Release|Any CPU
		{E8C47929-0229-4A5F-9E28-4F12763F663B}.Debug|Any CPU.ActiveCfg = Debug|Any CPU
		{E8C47929-0229-4A5F-9E28-4F12763F663B}.Debug|Any CPU.Build.0 = Debug|Any CPU
		{E8C47929-0229-4A5F-9E28-4F12763F663B}.Release|Any CPU.ActiveCfg = Release|Any CPU
		{E8C47929-0229-4A5F-9E28-4F12763F663B}.Release|Any CPU.Build.0 = Release|Any CPU
	EndGlobalSection
EndGlobal
