
Microsoft Visual Studio Solution File, Format Version 12.00
# Visual Studio Version 17
VisualStudioVersion = 17.3.32901.215
MinimumVisualStudioVersion = 10.0.40219.1
Project("{9A19103F-16F7-4668-BE54-9A1E7A4F7556}") = "ServiceOne", "ServiceOne\ServiceOne.csproj", "{9099C3AA-7A10-4D07-9A09-9493E0641447}"
EndProject
Project("{2150E333-8FDC-42A3-9474-1A3956D46DE8}") = "WebApi", "WebApi", "{07D07E4A-F4D9-42AA-8A3E-A0144FA5833C}"
EndProject
Project("{9A19103F-16F7-4668-BE54-9A1E7A4F7556}") = "WebWithAzureAd", "WebApi\WebWithAzureAd\WebWithAzureAd.csproj", "{6DCAFBC0-4F32-4655-A33F-3F01841C238A}"
EndProject
Project("{9A19103F-16F7-4668-BE54-9A1E7A4F7556}") = "SixMinApi", "WebApi\SixMinApi\SixMinApi.csproj", "{9EAB0FF6-009C-44C0-A4F8-DCAAF271F721}"
EndProject
Project("{2150E333-8FDC-42A3-9474-1A3956D46DE8}") = "WebJobs", "WebJobs", "{DECA22F9-2A35-4F98-AFDF-668294F6D445}"
EndProject
Project("{9A19103F-16F7-4668-BE54-9A1E7A4F7556}") = "PingPongJobs", "PingPongJobs\PingPongJobs.csproj", "{DA8C9CB0-BFEC-4292-A859-2387324B7A81}"
EndProject
Project("{9A19103F-16F7-4668-BE54-9A1E7A4F7556}") = "WebApiJob", "WebApiJob\WebApiJob.csproj", "{6A8D7288-FB8C-41FF-83ED-BBC0B4B1BE8C}"
EndProject
Project("{2150E333-8FDC-42A3-9474-1A3956D46DE8}") = "Experimental", "Experimental", "{39350137-4B37-4CBE-8429-2863F3EB83FA}"
EndProject
Project("{FAE04EC0-301F-11D3-BF4B-00C04F79EFBC}") = "KeyVaultUsage", "KeyVaultUsage\KeyVaultUsage.csproj", "{0FADAE49-E53C-4E99-8376-692A00D2C5C6}"
EndProject
Global
	GlobalSection(SolutionConfigurationPlatforms) = preSolution
		Debug|Any CPU = Debug|Any CPU
		Release|Any CPU = Release|Any CPU
	EndGlobalSection
	GlobalSection(ProjectConfigurationPlatforms) = postSolution
		{9099C3AA-7A10-4D07-9A09-9493E0641447}.Debug|Any CPU.ActiveCfg = Debug|Any CPU
		{9099C3AA-7A10-4D07-9A09-9493E0641447}.Debug|Any CPU.Build.0 = Debug|Any CPU
		{9099C3AA-7A10-4D07-9A09-9493E0641447}.Release|Any CPU.ActiveCfg = Release|Any CPU
		{9099C3AA-7A10-4D07-9A09-9493E0641447}.Release|Any CPU.Build.0 = Release|Any CPU
		{6DCAFBC0-4F32-4655-A33F-3F01841C238A}.Debug|Any CPU.ActiveCfg = Debug|Any CPU
		{6DCAFBC0-4F32-4655-A33F-3F01841C238A}.Debug|Any CPU.Build.0 = Debug|Any CPU
		{6DCAFBC0-4F32-4655-A33F-3F01841C238A}.Release|Any CPU.ActiveCfg = Release|Any CPU
		{6DCAFBC0-4F32-4655-A33F-3F01841C238A}.Release|Any CPU.Build.0 = Release|Any CPU
		{9EAB0FF6-009C-44C0-A4F8-DCAAF271F721}.Debug|Any CPU.ActiveCfg = Debug|Any CPU
		{9EAB0FF6-009C-44C0-A4F8-DCAAF271F721}.Debug|Any CPU.Build.0 = Debug|Any CPU
		{9EAB0FF6-009C-44C0-A4F8-DCAAF271F721}.Release|Any CPU.ActiveCfg = Release|Any CPU
		{9EAB0FF6-009C-44C0-A4F8-DCAAF271F721}.Release|Any CPU.Build.0 = Release|Any CPU
		{DA8C9CB0-BFEC-4292-A859-2387324B7A81}.Debug|Any CPU.ActiveCfg = Debug|Any CPU
		{DA8C9CB0-BFEC-4292-A859-2387324B7A81}.Debug|Any CPU.Build.0 = Debug|Any CPU
		{DA8C9CB0-BFEC-4292-A859-2387324B7A81}.Release|Any CPU.ActiveCfg = Release|Any CPU
		{DA8C9CB0-BFEC-4292-A859-2387324B7A81}.Release|Any CPU.Build.0 = Release|Any CPU
		{6A8D7288-FB8C-41FF-83ED-BBC0B4B1BE8C}.Debug|Any CPU.ActiveCfg = Debug|Any CPU
		{6A8D7288-FB8C-41FF-83ED-BBC0B4B1BE8C}.Debug|Any CPU.Build.0 = Debug|Any CPU
		{6A8D7288-FB8C-41FF-83ED-BBC0B4B1BE8C}.Release|Any CPU.ActiveCfg = Release|Any CPU
		{6A8D7288-FB8C-41FF-83ED-BBC0B4B1BE8C}.Release|Any CPU.Build.0 = Release|Any CPU
		{0FADAE49-E53C-4E99-8376-692A00D2C5C6}.Debug|Any CPU.ActiveCfg = Debug|Any CPU
		{0FADAE49-E53C-4E99-8376-692A00D2C5C6}.Debug|Any CPU.Build.0 = Debug|Any CPU
		{0FADAE49-E53C-4E99-8376-692A00D2C5C6}.Release|Any CPU.ActiveCfg = Release|Any CPU
		{0FADAE49-E53C-4E99-8376-692A00D2C5C6}.Release|Any CPU.Build.0 = Release|Any CPU
	EndGlobalSection
	GlobalSection(SolutionProperties) = preSolution
		HideSolutionNode = FALSE
	EndGlobalSection
	GlobalSection(NestedProjects) = preSolution
		{6DCAFBC0-4F32-4655-A33F-3F01841C238A} = {07D07E4A-F4D9-42AA-8A3E-A0144FA5833C}
		{9EAB0FF6-009C-44C0-A4F8-DCAAF271F721} = {07D07E4A-F4D9-42AA-8A3E-A0144FA5833C}
		{DA8C9CB0-BFEC-4292-A859-2387324B7A81} = {DECA22F9-2A35-4F98-AFDF-668294F6D445}
		{6A8D7288-FB8C-41FF-83ED-BBC0B4B1BE8C} = {DECA22F9-2A35-4F98-AFDF-668294F6D445}
		{0FADAE49-E53C-4E99-8376-692A00D2C5C6} = {39350137-4B37-4CBE-8429-2863F3EB83FA}
	EndGlobalSection
	GlobalSection(ExtensibilityGlobals) = postSolution
		SolutionGuid = {930CDC24-0244-4E7F-A332-3B22D67FC29E}
	EndGlobalSection
EndGlobal
